
Microsoft Visual Studio Solution File, Format Version 12.00
# Visual Studio Version 16
VisualStudioVersion = 16.0.30611.23
MinimumVisualStudioVersion = 10.0.40219.1
Project("{FAE04EC0-301F-11D3-BF4B-00C04F79EFBC}") = "ServerAPI", "Server\ServerAPI.csproj", "{0439E8C0-037F-40D5-BB1E-A8BC993751D8}"
EndProject
Global
	GlobalSection(SolutionConfigurationPlatforms) = preSolution
		Debug|Any CPU = Debug|Any CPU
		Release|Any CPU = Release|Any CPU
	EndGlobalSection
	GlobalSection(ProjectConfigurationPlatforms) = postSolution
		{0439E8C0-037F-40D5-BB1E-A8BC993751D8}.Debug|Any CPU.ActiveCfg = Debug|Any CPU
		{0439E8C0-037F-40D5-BB1E-A8BC993751D8}.Debug|Any CPU.Build.0 = Debug|Any CPU
		{0439E8C0-037F-40D5-BB1E-A8BC993751D8}.Release|Any CPU.ActiveCfg = Release|Any CPU
		{0439E8C0-037F-40D5-BB1E-A8BC993751D8}.Release|Any CPU.Build.0 = Release|Any CPU
	EndGlobalSection
	GlobalSection(SolutionProperties) = preSolution
		HideSolutionNode = FALSE
	EndGlobalSection
	GlobalSection(ExtensibilityGlobals) = postSolution
		SolutionGuid = {A87F8F52-F131-40C7-AA69-4A4DCD2C3904}
	EndGlobalSection
EndGlobal
